
Microsoft Visual Studio Solution File, Format Version 12.00
# Visual Studio Version 17
VisualStudioVersion = 17.1.32328.378
MinimumVisualStudioVersion = 10.0.40219.1
Project("{FAE04EC0-301F-11D3-BF4B-00C04F79EFBC}") = "tugas_pbo", "tugas_pbo\tugas_pbo.csproj", "{60616341-6AAB-4546-8B82-DD1D3FF17B09}"
EndProject
Global
	GlobalSection(SolutionConfigurationPlatforms) = preSolution
		Debug|Any CPU = Debug|Any CPU
		Release|Any CPU = Release|Any CPU
	EndGlobalSection
	GlobalSection(ProjectConfigurationPlatforms) = postSolution
		{60616341-6AAB-4546-8B82-DD1D3FF17B09}.Debug|Any CPU.ActiveCfg = Debug|Any CPU
		{60616341-6AAB-4546-8B82-DD1D3FF17B09}.Debug|Any CPU.Build.0 = Debug|Any CPU
		{60616341-6AAB-4546-8B82-DD1D3FF17B09}.Release|Any CPU.ActiveCfg = Release|Any CPU
		{60616341-6AAB-4546-8B82-DD1D3FF17B09}.Release|Any CPU.Build.0 = Release|Any CPU
	EndGlobalSection
	GlobalSection(SolutionProperties) = preSolution
		HideSolutionNode = FALSE
	EndGlobalSection
	GlobalSection(ExtensibilityGlobals) = postSolution
		SolutionGuid = {7FB55907-04AD-44D7-BD73-B52CA3B61EE3}
	EndGlobalSection
EndGlobal
